// !$*UTF8*$!
{
	archiveVersion = 1;
	classes = {
	};
	objectVersion = 50;
	objects = {

/* Begin PBXBuildFile section */
		86C743A823F2E413007CA682 /* AppDelegate.swift in Sources */ = {isa = PBXBuildFile; fileRef = 86C743A723F2E413007CA682 /* AppDelegate.swift */; };
		86C743AA23F2E413007CA682 /* SceneDelegate.swift in Sources */ = {isa = PBXBuildFile; fileRef = 86C743A923F2E413007CA682 /* SceneDelegate.swift */; };
		86C743AF23F2E413007CA682 /* Main.storyboard in Resources */ = {isa = PBXBuildFile; fileRef = 86C743AD23F2E413007CA682 /* Main.storyboard */; };
		86C743B223F2E413007CA682 /* MoviesDemo.xcdatamodeld in Sources */ = {isa = PBXBuildFile; fileRef = 86C743B023F2E413007CA682 /* MoviesDemo.xcdatamodeld */; };
		86C743B423F2E414007CA682 /* Assets.xcassets in Resources */ = {isa = PBXBuildFile; fileRef = 86C743B323F2E414007CA682 /* Assets.xcassets */; };
		86C743B723F2E414007CA682 /* LaunchScreen.storyboard in Resources */ = {isa = PBXBuildFile; fileRef = 86C743B523F2E414007CA682 /* LaunchScreen.storyboard */; };
		86C743C223F2E414007CA682 /* MoviesDemoTests.swift in Sources */ = {isa = PBXBuildFile; fileRef = 86C743C123F2E414007CA682 /* MoviesDemoTests.swift */; };
		86D020D923F3C40700986B09 /* Constants.swift in Sources */ = {isa = PBXBuildFile; fileRef = 86D020D823F3C40700986B09 /* Constants.swift */; };
		86D020DC23F3E06900986B09 /* APIClient.swift in Sources */ = {isa = PBXBuildFile; fileRef = 86D020DB23F3E06900986B09 /* APIClient.swift */; };
		86D020DE23F3E23000986B09 /* APIRouter.swift in Sources */ = {isa = PBXBuildFile; fileRef = 86D020DD23F3E23000986B09 /* APIRouter.swift */; };
		86D020E123F4059600986B09 /* StringExtension.swift in Sources */ = {isa = PBXBuildFile; fileRef = 86D020E023F4059600986B09 /* StringExtension.swift */; };
		86D020E423F4291E00986B09 /* MoviesResponse.swift in Sources */ = {isa = PBXBuildFile; fileRef = 86D020E323F4291E00986B09 /* MoviesResponse.swift */; };
		86D020E623F4292F00986B09 /* ErrorResponse.swift in Sources */ = {isa = PBXBuildFile; fileRef = 86D020E523F4292F00986B09 /* ErrorResponse.swift */; };
		86D020E823F42B5200986B09 /* Movie.swift in Sources */ = {isa = PBXBuildFile; fileRef = 86D020E723F42B5200986B09 /* Movie.swift */; };
		918C908D23F31DF800EADB2E /* Category.swift in Sources */ = {isa = PBXBuildFile; fileRef = 918C908C23F31DF800EADB2E /* Category.swift */; };
		918C908F23F31EF400EADB2E /* Storyboard.swift in Sources */ = {isa = PBXBuildFile; fileRef = 918C908E23F31EF400EADB2E /* Storyboard.swift */; };
		918C909723F322E600EADB2E /* MoviesPresenter.swift in Sources */ = {isa = PBXBuildFile; fileRef = 918C909123F322E600EADB2E /* MoviesPresenter.swift */; };
		918C909823F322E600EADB2E /* MoviesRouter.swift in Sources */ = {isa = PBXBuildFile; fileRef = 918C909223F322E600EADB2E /* MoviesRouter.swift */; };
		918C909923F322E600EADB2E /* MoviesViewController.swift in Sources */ = {isa = PBXBuildFile; fileRef = 918C909323F322E600EADB2E /* MoviesViewController.swift */; };
		918C909A23F322E600EADB2E /* MoviesProtocols.swift in Sources */ = {isa = PBXBuildFile; fileRef = 918C909423F322E600EADB2E /* MoviesProtocols.swift */; };
		918C909B23F322E600EADB2E /* MoviesInteractor.swift in Sources */ = {isa = PBXBuildFile; fileRef = 918C909523F322E600EADB2E /* MoviesInteractor.swift */; };
		918C909E23F3246500EADB2E /* StoryboardID.swift in Sources */ = {isa = PBXBuildFile; fileRef = 918C909D23F3246500EADB2E /* StoryboardID.swift */; };
		918C90A123F4819500EADB2E /* MovieTableViewCell.swift in Sources */ = {isa = PBXBuildFile; fileRef = 918C90A023F4819500EADB2E /* MovieTableViewCell.swift */; };
		918C90A323F500B100EADB2E /* CellIdentifier.swift in Sources */ = {isa = PBXBuildFile; fileRef = 918C90A223F500B100EADB2E /* CellIdentifier.swift */; };
		918C90A523F5045C00EADB2E /* UIImageViewExtension.swift in Sources */ = {isa = PBXBuildFile; fileRef = 918C90A423F5045C00EADB2E /* UIImageViewExtension.swift */; };
		918C90A823F527D100EADB2E /* MovieAccess.swift in Sources */ = {isa = PBXBuildFile; fileRef = 918C90A723F527D100EADB2E /* MovieAccess.swift */; };
		918C90AA23F52E9200EADB2E /* CoreDataEntity.swift in Sources */ = {isa = PBXBuildFile; fileRef = 918C90A923F52E9200EADB2E /* CoreDataEntity.swift */; };
		918C90AC23F58C9200EADB2E /* DatabaseManager.swift in Sources */ = {isa = PBXBuildFile; fileRef = 918C90AB23F58C9200EADB2E /* DatabaseManager.swift */; };
		918C90B423F5A4B800EADB2E /* MovieDetailsPresenter.swift in Sources */ = {isa = PBXBuildFile; fileRef = 918C90AE23F5A4B800EADB2E /* MovieDetailsPresenter.swift */; };
		918C90B523F5A4B800EADB2E /* MovieDetailsRouter.swift in Sources */ = {isa = PBXBuildFile; fileRef = 918C90AF23F5A4B800EADB2E /* MovieDetailsRouter.swift */; };
		918C90B623F5A4B800EADB2E /* MovieDetailsViewController.swift in Sources */ = {isa = PBXBuildFile; fileRef = 918C90B023F5A4B800EADB2E /* MovieDetailsViewController.swift */; };
		918C90B723F5A4B800EADB2E /* MovieDetailsProtocols.swift in Sources */ = {isa = PBXBuildFile; fileRef = 918C90B123F5A4B800EADB2E /* MovieDetailsProtocols.swift */; };
		918C90B823F5A4B800EADB2E /* MovieDetailsInteractor.swift in Sources */ = {isa = PBXBuildFile; fileRef = 918C90B223F5A4B800EADB2E /* MovieDetailsInteractor.swift */; };
/* End PBXBuildFile section */

/* Begin PBXContainerItemProxy section */
		86C743BE23F2E414007CA682 /* PBXContainerItemProxy */ = {
			isa = PBXContainerItemProxy;
			containerPortal = 86C7439C23F2E413007CA682 /* Project object */;
			proxyType = 1;
			remoteGlobalIDString = 86C743A323F2E413007CA682;
			remoteInfo = MoviesDemo;
		};
/* End PBXContainerItemProxy section */

/* Begin PBXFileReference section */
		86C743A423F2E413007CA682 /* MoviesDemo.app */ = {isa = PBXFileReference; explicitFileType = wrapper.application; includeInIndex = 0; path = MoviesDemo.app; sourceTree = BUILT_PRODUCTS_DIR; };
		86C743A723F2E413007CA682 /* AppDelegate.swift */ = {isa = PBXFileReference; lastKnownFileType = sourcecode.swift; path = AppDelegate.swift; sourceTree = "<group>"; };
		86C743A923F2E413007CA682 /* SceneDelegate.swift */ = {isa = PBXFileReference; lastKnownFileType = sourcecode.swift; path = SceneDelegate.swift; sourceTree = "<group>"; };
		86C743AE23F2E413007CA682 /* Base */ = {isa = PBXFileReference; lastKnownFileType = file.storyboard; name = Base; path = Base.lproj/Main.storyboard; sourceTree = "<group>"; };
		86C743B123F2E413007CA682 /* MoviesDemo.xcdatamodel */ = {isa = PBXFileReference; lastKnownFileType = wrapper.xcdatamodel; path = MoviesDemo.xcdatamodel; sourceTree = "<group>"; };
		86C743B323F2E414007CA682 /* Assets.xcassets */ = {isa = PBXFileReference; lastKnownFileType = folder.assetcatalog; path = Assets.xcassets; sourceTree = "<group>"; };
		86C743B623F2E414007CA682 /* Base */ = {isa = PBXFileReference; lastKnownFileType = file.storyboard; name = Base; path = Base.lproj/LaunchScreen.storyboard; sourceTree = "<group>"; };
		86C743B823F2E414007CA682 /* Info.plist */ = {isa = PBXFileReference; lastKnownFileType = text.plist.xml; path = Info.plist; sourceTree = "<group>"; };
		86C743BD23F2E414007CA682 /* MoviesDemoTests.xctest */ = {isa = PBXFileReference; explicitFileType = wrapper.cfbundle; includeInIndex = 0; path = MoviesDemoTests.xctest; sourceTree = BUILT_PRODUCTS_DIR; };
		86C743C123F2E414007CA682 /* MoviesDemoTests.swift */ = {isa = PBXFileReference; lastKnownFileType = sourcecode.swift; path = MoviesDemoTests.swift; sourceTree = "<group>"; };
		86C743C323F2E414007CA682 /* Info.plist */ = {isa = PBXFileReference; lastKnownFileType = text.plist.xml; path = Info.plist; sourceTree = "<group>"; };
		86D020D823F3C40700986B09 /* Constants.swift */ = {isa = PBXFileReference; lastKnownFileType = sourcecode.swift; path = Constants.swift; sourceTree = "<group>"; };
		86D020DB23F3E06900986B09 /* APIClient.swift */ = {isa = PBXFileReference; lastKnownFileType = sourcecode.swift; path = APIClient.swift; sourceTree = "<group>"; };
		86D020DD23F3E23000986B09 /* APIRouter.swift */ = {isa = PBXFileReference; lastKnownFileType = sourcecode.swift; path = APIRouter.swift; sourceTree = "<group>"; };
		86D020E023F4059600986B09 /* StringExtension.swift */ = {isa = PBXFileReference; lastKnownFileType = sourcecode.swift; path = StringExtension.swift; sourceTree = "<group>"; };
		86D020E323F4291E00986B09 /* MoviesResponse.swift */ = {isa = PBXFileReference; lastKnownFileType = sourcecode.swift; path = MoviesResponse.swift; sourceTree = "<group>"; };
		86D020E523F4292F00986B09 /* ErrorResponse.swift */ = {isa = PBXFileReference; lastKnownFileType = sourcecode.swift; path = ErrorResponse.swift; sourceTree = "<group>"; };
		86D020E723F42B5200986B09 /* Movie.swift */ = {isa = PBXFileReference; lastKnownFileType = sourcecode.swift; path = Movie.swift; sourceTree = "<group>"; };
		918C908C23F31DF800EADB2E /* Category.swift */ = {isa = PBXFileReference; lastKnownFileType = sourcecode.swift; path = Category.swift; sourceTree = "<group>"; };
		918C908E23F31EF400EADB2E /* Storyboard.swift */ = {isa = PBXFileReference; lastKnownFileType = sourcecode.swift; path = Storyboard.swift; sourceTree = "<group>"; };
		918C909123F322E600EADB2E /* MoviesPresenter.swift */ = {isa = PBXFileReference; lastKnownFileType = sourcecode.swift; path = MoviesPresenter.swift; sourceTree = "<group>"; };
		918C909223F322E600EADB2E /* MoviesRouter.swift */ = {isa = PBXFileReference; lastKnownFileType = sourcecode.swift; path = MoviesRouter.swift; sourceTree = "<group>"; };
		918C909323F322E600EADB2E /* MoviesViewController.swift */ = {isa = PBXFileReference; lastKnownFileType = sourcecode.swift; path = MoviesViewController.swift; sourceTree = "<group>"; };
		918C909423F322E600EADB2E /* MoviesProtocols.swift */ = {isa = PBXFileReference; lastKnownFileType = sourcecode.swift; path = MoviesProtocols.swift; sourceTree = "<group>"; };
		918C909523F322E600EADB2E /* MoviesInteractor.swift */ = {isa = PBXFileReference; lastKnownFileType = sourcecode.swift; path = MoviesInteractor.swift; sourceTree = "<group>"; };
		918C909D23F3246500EADB2E /* StoryboardID.swift */ = {isa = PBXFileReference; lastKnownFileType = sourcecode.swift; path = StoryboardID.swift; sourceTree = "<group>"; };
		918C90A023F4819500EADB2E /* MovieTableViewCell.swift */ = {isa = PBXFileReference; lastKnownFileType = sourcecode.swift; path = MovieTableViewCell.swift; sourceTree = "<group>"; };
		918C90A223F500B100EADB2E /* CellIdentifier.swift */ = {isa = PBXFileReference; lastKnownFileType = sourcecode.swift; path = CellIdentifier.swift; sourceTree = "<group>"; };
		918C90A423F5045C00EADB2E /* UIImageViewExtension.swift */ = {isa = PBXFileReference; lastKnownFileType = sourcecode.swift; path = UIImageViewExtension.swift; sourceTree = "<group>"; };
		918C90A723F527D100EADB2E /* MovieAccess.swift */ = {isa = PBXFileReference; lastKnownFileType = sourcecode.swift; path = MovieAccess.swift; sourceTree = "<group>"; };
		918C90A923F52E9200EADB2E /* CoreDataEntity.swift */ = {isa = PBXFileReference; lastKnownFileType = sourcecode.swift; path = CoreDataEntity.swift; sourceTree = "<group>"; };
		918C90AB23F58C9200EADB2E /* DatabaseManager.swift */ = {isa = PBXFileReference; lastKnownFileType = sourcecode.swift; path = DatabaseManager.swift; sourceTree = "<group>"; };
		918C90AE23F5A4B800EADB2E /* MovieDetailsPresenter.swift */ = {isa = PBXFileReference; lastKnownFileType = sourcecode.swift; path = MovieDetailsPresenter.swift; sourceTree = "<group>"; };
		918C90AF23F5A4B800EADB2E /* MovieDetailsRouter.swift */ = {isa = PBXFileReference; lastKnownFileType = sourcecode.swift; path = MovieDetailsRouter.swift; sourceTree = "<group>"; };
		918C90B023F5A4B800EADB2E /* MovieDetailsViewController.swift */ = {isa = PBXFileReference; lastKnownFileType = sourcecode.swift; path = MovieDetailsViewController.swift; sourceTree = "<group>"; };
		918C90B123F5A4B800EADB2E /* MovieDetailsProtocols.swift */ = {isa = PBXFileReference; lastKnownFileType = sourcecode.swift; path = MovieDetailsProtocols.swift; sourceTree = "<group>"; };
		918C90B223F5A4B800EADB2E /* MovieDetailsInteractor.swift */ = {isa = PBXFileReference; lastKnownFileType = sourcecode.swift; path = MovieDetailsInteractor.swift; sourceTree = "<group>"; };
/* End PBXFileReference section */

/* Begin PBXFrameworksBuildPhase section */
		86C743A123F2E413007CA682 /* Frameworks */ = {
			isa = PBXFrameworksBuildPhase;
			buildActionMask = 2147483647;
			files = (
			);
			runOnlyForDeploymentPostprocessing = 0;
		};
		86C743BA23F2E414007CA682 /* Frameworks */ = {
			isa = PBXFrameworksBuildPhase;
			buildActionMask = 2147483647;
			files = (
			);
			runOnlyForDeploymentPostprocessing = 0;
		};
/* End PBXFrameworksBuildPhase section */

/* Begin PBXGroup section */
		86C7439B23F2E413007CA682 = {
			isa = PBXGroup;
			children = (
				86C743A623F2E413007CA682 /* MoviesDemo */,
				86C743C023F2E414007CA682 /* MoviesDemoTests */,
				86C743A523F2E413007CA682 /* Products */,
			);
			sourceTree = "<group>";
		};
		86C743A523F2E413007CA682 /* Products */ = {
			isa = PBXGroup;
			children = (
				86C743A423F2E413007CA682 /* MoviesDemo.app */,
				86C743BD23F2E414007CA682 /* MoviesDemoTests.xctest */,
			);
			name = Products;
			sourceTree = "<group>";
		};
		86C743A623F2E413007CA682 /* MoviesDemo */ = {
			isa = PBXGroup;
			children = (
				86C743A723F2E413007CA682 /* AppDelegate.swift */,
				86C743A923F2E413007CA682 /* SceneDelegate.swift */,
				918C908B23F31DD900EADB2E /* Common */,
				86C743CC23F2E41F007CA682 /* Modules */,
				86C743AD23F2E413007CA682 /* Main.storyboard */,
				86C743B323F2E414007CA682 /* Assets.xcassets */,
				86C743B523F2E414007CA682 /* LaunchScreen.storyboard */,
				86C743B823F2E414007CA682 /* Info.plist */,
				86C743B023F2E413007CA682 /* MoviesDemo.xcdatamodeld */,
			);
			path = MoviesDemo;
			sourceTree = "<group>";
		};
		86C743C023F2E414007CA682 /* MoviesDemoTests */ = {
			isa = PBXGroup;
			children = (
				86C743C123F2E414007CA682 /* MoviesDemoTests.swift */,
				86C743C323F2E414007CA682 /* Info.plist */,
			);
			path = MoviesDemoTests;
			sourceTree = "<group>";
		};
		86C743CC23F2E41F007CA682 /* Modules */ = {
			isa = PBXGroup;
			children = (
				918C909023F322C400EADB2E /* Movies */,
				918C90AD23F5A48D00EADB2E /* MovieDetails */,
			);
			path = Modules;
			sourceTree = "<group>";
		};
		86D020DA23F3DFAE00986B09 /* APIClient */ = {
			isa = PBXGroup;
			children = (
				86D020DB23F3E06900986B09 /* APIClient.swift */,
				86D020DD23F3E23000986B09 /* APIRouter.swift */,
			);
			path = APIClient;
			sourceTree = "<group>";
		};
		86D020DF23F4057A00986B09 /* Extensions */ = {
			isa = PBXGroup;
			children = (
				86D020E023F4059600986B09 /* StringExtension.swift */,
				918C90A423F5045C00EADB2E /* UIImageViewExtension.swift */,
			);
			path = Extensions;
			sourceTree = "<group>";
		};
		86D020E223F428ED00986B09 /* APIResponse */ = {
			isa = PBXGroup;
			children = (
				86D020E323F4291E00986B09 /* MoviesResponse.swift */,
				86D020E523F4292F00986B09 /* ErrorResponse.swift */,
			);
			path = APIResponse;
			sourceTree = "<group>";
		};
		86D020E923F4315B00986B09 /* Models */ = {
			isa = PBXGroup;
			children = (
				86D020E723F42B5200986B09 /* Movie.swift */,
			);
			path = Models;
			sourceTree = "<group>";
		};
		918C908B23F31DD900EADB2E /* Common */ = {
			isa = PBXGroup;
			children = (
				86D020E923F4315B00986B09 /* Models */,
				918C90A623F526B700EADB2E /* DataAccessLayer */,
				86D020E223F428ED00986B09 /* APIResponse */,
				918C908C23F31DF800EADB2E /* Category.swift */,
				918C908E23F31EF400EADB2E /* Storyboard.swift */,
				918C909D23F3246500EADB2E /* StoryboardID.swift */,
				918C90A223F500B100EADB2E /* CellIdentifier.swift */,
				918C90A923F52E9200EADB2E /* CoreDataEntity.swift */,
				86D020D823F3C40700986B09 /* Constants.swift */,
				918C90AB23F58C9200EADB2E /* DatabaseManager.swift */,
				86D020DF23F4057A00986B09 /* Extensions */,
				86D020DA23F3DFAE00986B09 /* APIClient */,
			);
			path = Common;
			sourceTree = "<group>";
		};
		918C909023F322C400EADB2E /* Movies */ = {
			isa = PBXGroup;
			children = (
				918C909F23F4814B00EADB2E /* Cell */,
				918C909123F322E600EADB2E /* MoviesPresenter.swift */,
				918C909223F322E600EADB2E /* MoviesRouter.swift */,
				918C909323F322E600EADB2E /* MoviesViewController.swift */,
				918C909423F322E600EADB2E /* MoviesProtocols.swift */,
				918C909523F322E600EADB2E /* MoviesInteractor.swift */,
			);
			path = Movies;
			sourceTree = "<group>";
		};
		918C909F23F4814B00EADB2E /* Cell */ = {
			isa = PBXGroup;
			children = (
				918C90A023F4819500EADB2E /* MovieTableViewCell.swift */,
			);
			path = Cell;
			sourceTree = "<group>";
		};
		918C90A623F526B700EADB2E /* DataAccessLayer */ = {
			isa = PBXGroup;
			children = (
				918C90A723F527D100EADB2E /* MovieAccess.swift */,
			);
			path = DataAccessLayer;
			sourceTree = "<group>";
		};
		918C90AD23F5A48D00EADB2E /* MovieDetails */ = {
			isa = PBXGroup;
			children = (
				918C90AE23F5A4B800EADB2E /* MovieDetailsPresenter.swift */,
				918C90AF23F5A4B800EADB2E /* MovieDetailsRouter.swift */,
				918C90B023F5A4B800EADB2E /* MovieDetailsViewController.swift */,
				918C90B123F5A4B800EADB2E /* MovieDetailsProtocols.swift */,
				918C90B223F5A4B800EADB2E /* MovieDetailsInteractor.swift */,
			);
			path = MovieDetails;
			sourceTree = "<group>";
		};
/* End PBXGroup section */

/* Begin PBXNativeTarget section */
		86C743A323F2E413007CA682 /* MoviesDemo */ = {
			isa = PBXNativeTarget;
			buildConfigurationList = 86C743C623F2E414007CA682 /* Build configuration list for PBXNativeTarget "MoviesDemo" */;
			buildPhases = (
				86C743A023F2E413007CA682 /* Sources */,
				86C743A123F2E413007CA682 /* Frameworks */,
				86C743A223F2E413007CA682 /* Resources */,
			);
			buildRules = (
			);
			dependencies = (
			);
			name = MoviesDemo;
			productName = MoviesDemo;
			productReference = 86C743A423F2E413007CA682 /* MoviesDemo.app */;
			productType = "com.apple.product-type.application";
		};
		86C743BC23F2E414007CA682 /* MoviesDemoTests */ = {
			isa = PBXNativeTarget;
			buildConfigurationList = 86C743C923F2E414007CA682 /* Build configuration list for PBXNativeTarget "MoviesDemoTests" */;
			buildPhases = (
				86C743B923F2E414007CA682 /* Sources */,
				86C743BA23F2E414007CA682 /* Frameworks */,
				86C743BB23F2E414007CA682 /* Resources */,
			);
			buildRules = (
			);
			dependencies = (
				86C743BF23F2E414007CA682 /* PBXTargetDependency */,
			);
			name = MoviesDemoTests;
			productName = MoviesDemoTests;
			productReference = 86C743BD23F2E414007CA682 /* MoviesDemoTests.xctest */;
			productType = "com.apple.product-type.bundle.unit-test";
		};
/* End PBXNativeTarget section */

/* Begin PBXProject section */
		86C7439C23F2E413007CA682 /* Project object */ = {
			isa = PBXProject;
			attributes = {
				LastSwiftUpdateCheck = 1130;
				LastUpgradeCheck = 1340;
				ORGANIZATIONNAME = "Anis ur Rehman";
				TargetAttributes = {
					86C743A323F2E413007CA682 = {
						CreatedOnToolsVersion = 11.3.1;
					};
					86C743BC23F2E414007CA682 = {
						CreatedOnToolsVersion = 11.3.1;
						TestTargetID = 86C743A323F2E413007CA682;
					};
				};
			};
			buildConfigurationList = 86C7439F23F2E413007CA682 /* Build configuration list for PBXProject "MoviesDemo" */;
			compatibilityVersion = "Xcode 9.3";
			developmentRegion = en;
			hasScannedForEncodings = 0;
			knownRegions = (
				en,
				Base,
			);
			mainGroup = 86C7439B23F2E413007CA682;
			productRefGroup = 86C743A523F2E413007CA682 /* Products */;
			projectDirPath = "";
			projectRoot = "";
			targets = (
				86C743A323F2E413007CA682 /* MoviesDemo */,
				86C743BC23F2E414007CA682 /* MoviesDemoTests */,
			);
		};
/* End PBXProject section */

/* Begin PBXResourcesBuildPhase section */
		86C743A223F2E413007CA682 /* Resources */ = {
			isa = PBXResourcesBuildPhase;
			buildActionMask = 2147483647;
			files = (
				86C743B723F2E414007CA682 /* LaunchScreen.storyboard in Resources */,
				86C743B423F2E414007CA682 /* Assets.xcassets in Resources */,
				86C743AF23F2E413007CA682 /* Main.storyboard in Resources */,
			);
			runOnlyForDeploymentPostprocessing = 0;
		};
		86C743BB23F2E414007CA682 /* Resources */ = {
			isa = PBXResourcesBuildPhase;
			buildActionMask = 2147483647;
			files = (
			);
			runOnlyForDeploymentPostprocessing = 0;
		};
/* End PBXResourcesBuildPhase section */

/* Begin PBXSourcesBuildPhase section */
		86C743A023F2E413007CA682 /* Sources */ = {
			isa = PBXSourcesBuildPhase;
			buildActionMask = 2147483647;
			files = (
				918C90B623F5A4B800EADB2E /* MovieDetailsViewController.swift in Sources */,
				86D020D923F3C40700986B09 /* Constants.swift in Sources */,
				86C743A823F2E413007CA682 /* AppDelegate.swift in Sources */,
				918C909E23F3246500EADB2E /* StoryboardID.swift in Sources */,
				918C90A323F500B100EADB2E /* CellIdentifier.swift in Sources */,
				86C743AA23F2E413007CA682 /* SceneDelegate.swift in Sources */,
				918C90B823F5A4B800EADB2E /* MovieDetailsInteractor.swift in Sources */,
				86D020DE23F3E23000986B09 /* APIRouter.swift in Sources */,
				918C90AC23F58C9200EADB2E /* DatabaseManager.swift in Sources */,
				86C743B223F2E413007CA682 /* MoviesDemo.xcdatamodeld in Sources */,
				918C908F23F31EF400EADB2E /* Storyboard.swift in Sources */,
				918C909923F322E600EADB2E /* MoviesViewController.swift in Sources */,
				86D020E823F42B5200986B09 /* Movie.swift in Sources */,
				86D020E123F4059600986B09 /* StringExtension.swift in Sources */,
				918C90A123F4819500EADB2E /* MovieTableViewCell.swift in Sources */,
				918C90A823F527D100EADB2E /* MovieAccess.swift in Sources */,
				918C909823F322E600EADB2E /* MoviesRouter.swift in Sources */,
				918C90AA23F52E9200EADB2E /* CoreDataEntity.swift in Sources */,
				918C908D23F31DF800EADB2E /* Category.swift in Sources */,
				918C909A23F322E600EADB2E /* MoviesProtocols.swift in Sources */,
				86D020E423F4291E00986B09 /* MoviesResponse.swift in Sources */,
				918C909B23F322E600EADB2E /* MoviesInteractor.swift in Sources */,
				918C90B723F5A4B800EADB2E /* MovieDetailsProtocols.swift in Sources */,
				86D020E623F4292F00986B09 /* ErrorResponse.swift in Sources */,
				918C90B423F5A4B800EADB2E /* MovieDetailsPresenter.swift in Sources */,
				918C909723F322E600EADB2E /* MoviesPresenter.swift in Sources */,
				918C90A523F5045C00EADB2E /* UIImageViewExtension.swift in Sources */,
				86D020DC23F3E06900986B09 /* APIClient.swift in Sources */,
				918C90B523F5A4B800EADB2E /* MovieDetailsRouter.swift in Sources */,
			);
			runOnlyForDeploymentPostprocessing = 0;
		};
		86C743B923F2E414007CA682 /* Sources */ = {
			isa = PBXSourcesBuildPhase;
			buildActionMask = 2147483647;
			files = (
				86C743C223F2E414007CA682 /* MoviesDemoTests.swift in Sources */,
			);
			runOnlyForDeploymentPostprocessing = 0;
		};
/* End PBXSourcesBuildPhase section */

/* Begin PBXTargetDependency section */
		86C743BF23F2E414007CA682 /* PBXTargetDependency */ = {
			isa = PBXTargetDependency;
			target = 86C743A323F2E413007CA682 /* MoviesDemo */;
			targetProxy = 86C743BE23F2E414007CA682 /* PBXContainerItemProxy */;
		};
/* End PBXTargetDependency section */

/* Begin PBXVariantGroup section */
		86C743AD23F2E413007CA682 /* Main.storyboard */ = {
			isa = PBXVariantGroup;
			children = (
				86C743AE23F2E413007CA682 /* Base */,
			);
			name = Main.storyboard;
			sourceTree = "<group>";
		};
		86C743B523F2E414007CA682 /* LaunchScreen.storyboard */ = {
			isa = PBXVariantGroup;
			children = (
				86C743B623F2E414007CA682 /* Base */,
			);
			name = LaunchScreen.storyboard;
			sourceTree = "<group>";
		};
/* End PBXVariantGroup section */

/* Begin XCBuildConfiguration section */
		86C743C423F2E414007CA682 /* Debug */ = {
			isa = XCBuildConfiguration;
			buildSettings = {
				ALWAYS_SEARCH_USER_PATHS = NO;
				CLANG_ANALYZER_NONNULL = YES;
				CLANG_ANALYZER_NUMBER_OBJECT_CONVERSION = YES_AGGRESSIVE;
				CLANG_CXX_LANGUAGE_STANDARD = "gnu++14";
				CLANG_CXX_LIBRARY = "libc++";
				CLANG_ENABLE_MODULES = YES;
				CLANG_ENABLE_OBJC_ARC = YES;
				CLANG_ENABLE_OBJC_WEAK = YES;
				CLANG_WARN_BLOCK_CAPTURE_AUTORELEASING = YES;
				CLANG_WARN_BOOL_CONVERSION = YES;
				CLANG_WARN_COMMA = YES;
				CLANG_WARN_CONSTANT_CONVERSION = YES;
				CLANG_WARN_DEPRECATED_OBJC_IMPLEMENTATIONS = YES;
				CLANG_WARN_DIRECT_OBJC_ISA_USAGE = YES_ERROR;
				CLANG_WARN_DOCUMENTATION_COMMENTS = YES;
				CLANG_WARN_EMPTY_BODY = YES;
				CLANG_WARN_ENUM_CONVERSION = YES;
				CLANG_WARN_INFINITE_RECURSION = YES;
				CLANG_WARN_INT_CONVERSION = YES;
				CLANG_WARN_NON_LITERAL_NULL_CONVERSION = YES;
				CLANG_WARN_OBJC_IMPLICIT_RETAIN_SELF = YES;
				CLANG_WARN_OBJC_LITERAL_CONVERSION = YES;
				CLANG_WARN_OBJC_ROOT_CLASS = YES_ERROR;
				CLANG_WARN_QUOTED_INCLUDE_IN_FRAMEWORK_HEADER = YES;
				CLANG_WARN_RANGE_LOOP_ANALYSIS = YES;
				CLANG_WARN_STRICT_PROTOTYPES = YES;
				CLANG_WARN_SUSPICIOUS_MOVE = YES;
				CLANG_WARN_UNGUARDED_AVAILABILITY = YES_AGGRESSIVE;
				CLANG_WARN_UNREACHABLE_CODE = YES;
				CLANG_WARN__DUPLICATE_METHOD_MATCH = YES;
				COPY_PHASE_STRIP = NO;
				DEBUG_INFORMATION_FORMAT = dwarf;
				ENABLE_STRICT_OBJC_MSGSEND = YES;
				ENABLE_TESTABILITY = YES;
				GCC_C_LANGUAGE_STANDARD = gnu11;
				GCC_DYNAMIC_NO_PIC = NO;
				GCC_NO_COMMON_BLOCKS = YES;
				GCC_OPTIMIZATION_LEVEL = 0;
				GCC_PREPROCESSOR_DEFINITIONS = (
					"DEBUG=1",
					"$(inherited)",
				);
				GCC_WARN_64_TO_32_BIT_CONVERSION = YES;
				GCC_WARN_ABOUT_RETURN_TYPE = YES_ERROR;
				GCC_WARN_UNDECLARED_SELECTOR = YES;
				GCC_WARN_UNINITIALIZED_AUTOS = YES_AGGRESSIVE;
				GCC_WARN_UNUSED_FUNCTION = YES;
				GCC_WARN_UNUSED_VARIABLE = YES;
				IPHONEOS_DEPLOYMENT_TARGET = 13.2;
				MTL_ENABLE_DEBUG_INFO = INCLUDE_SOURCE;
				MTL_FAST_MATH = YES;
				ONLY_ACTIVE_ARCH = YES;
				SDKROOT = iphoneos;
				SWIFT_ACTIVE_COMPILATION_CONDITIONS = DEBUG;
				SWIFT_OPTIMIZATION_LEVEL = "-Onone";
			};
			name = Debug;
		};
		86C743C523F2E414007CA682 /* Release */ = {
			isa = XCBuildConfiguration;
			buildSettings = {
				ALWAYS_SEARCH_USER_PATHS = NO;
				CLANG_ANALYZER_NONNULL = YES;
				CLANG_ANALYZER_NUMBER_OBJECT_CONVERSION = YES_AGGRESSIVE;
				CLANG_CXX_LANGUAGE_STANDARD = "gnu++14";
				CLANG_CXX_LIBRARY = "libc++";
				CLANG_ENABLE_MODULES = YES;
				CLANG_ENABLE_OBJC_ARC = YES;
				CLANG_ENABLE_OBJC_WEAK = YES;
				CLANG_WARN_BLOCK_CAPTURE_AUTORELEASING = YES;
				CLANG_WARN_BOOL_CONVERSION = YES;
				CLANG_WARN_COMMA = YES;
				CLANG_WARN_CONSTANT_CONVERSION = YES;
				CLANG_WARN_DEPRECATED_OBJC_IMPLEMENTATIONS = YES;
				CLANG_WARN_DIRECT_OBJC_ISA_USAGE = YES_ERROR;
				CLANG_WARN_DOCUMENTATION_COMMENTS = YES;
				CLANG_WARN_EMPTY_BODY = YES;
				CLANG_WARN_ENUM_CONVERSION = YES;
				CLANG_WARN_INFINITE_RECURSION = YES;
				CLANG_WARN_INT_CONVERSION = YES;
				CLANG_WARN_NON_LITERAL_NULL_CONVERSION = YES;
				CLANG_WARN_OBJC_IMPLICIT_RETAIN_SELF = YES;
				CLANG_WARN_OBJC_LITERAL_CONVERSION = YES;
				CLANG_WARN_OBJC_ROOT_CLASS = YES_ERROR;
				CLANG_WARN_QUOTED_INCLUDE_IN_FRAMEWORK_HEADER = YES;
				CLANG_WARN_RANGE_LOOP_ANALYSIS = YES;
				CLANG_WARN_STRICT_PROTOTYPES = YES;
				CLANG_WARN_SUSPICIOUS_MOVE = YES;
				CLANG_WARN_UNGUARDED_AVAILABILITY = YES_AGGRESSIVE;
				CLANG_WARN_UNREACHABLE_CODE = YES;
				CLANG_WARN__DUPLICATE_METHOD_MATCH = YES;
				COPY_PHASE_STRIP = NO;
				DEBUG_INFORMATION_FORMAT = "dwarf-with-dsym";
				ENABLE_NS_ASSERTIONS = NO;
				ENABLE_STRICT_OBJC_MSGSEND = YES;
				GCC_C_LANGUAGE_STANDARD = gnu11;
				GCC_NO_COMMON_BLOCKS = YES;
				GCC_WARN_64_TO_32_BIT_CONVERSION = YES;
				GCC_WARN_ABOUT_RETURN_TYPE = YES_ERROR;
				GCC_WARN_UNDECLARED_SELECTOR = YES;
				GCC_WARN_UNINITIALIZED_AUTOS = YES_AGGRESSIVE;
				GCC_WARN_UNUSED_FUNCTION = YES;
				GCC_WARN_UNUSED_VARIABLE = YES;
				IPHONEOS_DEPLOYMENT_TARGET = 13.2;
				MTL_ENABLE_DEBUG_INFO = NO;
				MTL_FAST_MATH = YES;
				SDKROOT = iphoneos;
				SWIFT_COMPILATION_MODE = wholemodule;
				SWIFT_OPTIMIZATION_LEVEL = "-O";
				VALIDATE_PRODUCT = YES;
			};
			name = Release;
		};
		86C743C723F2E414007CA682 /* Debug */ = {
			isa = XCBuildConfiguration;
			buildSettings = {
				ASSETCATALOG_COMPILER_APPICON_NAME = AppIcon;
				CODE_SIGN_STYLE = Automatic;
				INFOPLIST_FILE = MoviesDemo/Info.plist;
				LD_RUNPATH_SEARCH_PATHS = (
					"$(inherited)",
					"@executable_path/Frameworks",
				);
				PRODUCT_BUNDLE_IDENTIFIER = None.MoviesDemo;
				PRODUCT_NAME = "$(TARGET_NAME)";
				SWIFT_VERSION = 5.0;
				TARGETED_DEVICE_FAMILY = "1,2";
			};
			name = Debug;
		};
		86C743C823F2E414007CA682 /* Release */ = {
			isa = XCBuildConfiguration;
			buildSettings = {
				ASSETCATALOG_COMPILER_APPICON_NAME = AppIcon;
				CODE_SIGN_STYLE = Automatic;
				INFOPLIST_FILE = MoviesDemo/Info.plist;
				LD_RUNPATH_SEARCH_PATHS = (
					"$(inherited)",
					"@executable_path/Frameworks",
				);
				PRODUCT_BUNDLE_IDENTIFIER = None.MoviesDemo;
				PRODUCT_NAME = "$(TARGET_NAME)";
				SWIFT_VERSION = 5.0;
				TARGETED_DEVICE_FAMILY = "1,2";
			};
			name = Release;
		};
		86C743CA23F2E414007CA682 /* Debug */ = {
			isa = XCBuildConfiguration;
			buildSettings = {
				ALWAYS_EMBED_SWIFT_STANDARD_LIBRARIES = YES;
				BUNDLE_LOADER = "$(TEST_HOST)";
				CODE_SIGN_STYLE = Automatic;
				INFOPLIST_FILE = MoviesDemoTests/Info.plist;
				IPHONEOS_DEPLOYMENT_TARGET = 13.2;
				LD_RUNPATH_SEARCH_PATHS = (
					"$(inherited)",
					"@executable_path/Frameworks",
					"@loader_path/Frameworks",
				);
				PRODUCT_BUNDLE_IDENTIFIER = None.MoviesDemoTests;
				PRODUCT_NAME = "$(TARGET_NAME)";
				SWIFT_VERSION = 5.0;
				TARGETED_DEVICE_FAMILY = "1,2";
				TEST_HOST = "$(BUILT_PRODUCTS_DIR)/MoviesDemo.app/MoviesDemo";
			};
			name = Debug;
		};
		86C743CB23F2E414007CA682 /* Release */ = {
			isa = XCBuildConfiguration;
			buildSettings = {
				ALWAYS_EMBED_SWIFT_STANDARD_LIBRARIES = YES;
				BUNDLE_LOADER = "$(TEST_HOST)";
				CODE_SIGN_STYLE = Automatic;
				INFOPLIST_FILE = MoviesDemoTests/Info.plist;
				IPHONEOS_DEPLOYMENT_TARGET = 13.2;
				LD_RUNPATH_SEARCH_PATHS = (
					"$(inherited)",
					"@executable_path/Frameworks",
					"@loader_path/Frameworks",
				);
				PRODUCT_BUNDLE_IDENTIFIER = None.MoviesDemoTests;
				PRODUCT_NAME = "$(TARGET_NAME)";
				SWIFT_VERSION = 5.0;
				TARGETED_DEVICE_FAMILY = "1,2";
				TEST_HOST = "$(BUILT_PRODUCTS_DIR)/MoviesDemo.app/MoviesDemo";
			};
			name = Release;
		};
/* End XCBuildConfiguration section */

/* Begin XCConfigurationList section */
		86C7439F23F2E413007CA682 /* Build configuration list for PBXProject "MoviesDemo" */ = {
			isa = XCConfigurationList;
			buildConfigurations = (
				86C743C423F2E414007CA682 /* Debug */,
				86C743C523F2E414007CA682 /* Release */,
			);
			defaultConfigurationIsVisible = 0;
			defaultConfigurationName = Release;
		};
		86C743C623F2E414007CA682 /* Build configuration list for PBXNativeTarget "MoviesDemo" */ = {
			isa = XCConfigurationList;
			buildConfigurations = (
				86C743C723F2E414007CA682 /* Debug */,
				86C743C823F2E414007CA682 /* Release */,
			);
			defaultConfigurationIsVisible = 0;
			defaultConfigurationName = Release;
		};
		86C743C923F2E414007CA682 /* Build configuration list for PBXNativeTarget "MoviesDemoTests" */ = {
			isa = XCConfigurationList;
			buildConfigurations = (
				86C743CA23F2E414007CA682 /* Debug */,
				86C743CB23F2E414007CA682 /* Release */,
			);
			defaultConfigurationIsVisible = 0;
			defaultConfigurationName = Release;
		};
/* End XCConfigurationList section */

/* Begin XCVersionGroup section */
		86C743B023F2E413007CA682 /* MoviesDemo.xcdatamodeld */ = {
			isa = XCVersionGroup;
			children = (
				86C743B123F2E413007CA682 /* MoviesDemo.xcdatamodel */,
			);
			currentVersion = 86C743B123F2E413007CA682 /* MoviesDemo.xcdatamodel */;
			path = MoviesDemo.xcdatamodeld;
			sourceTree = "<group>";
			versionGroupType = wrapper.xcdatamodel;
		};
/* End XCVersionGroup section */
	};
	rootObject = 86C7439C23F2E413007CA682 /* Project object */;
}
